
Microsoft Visual Studio Solution File, Format Version 12.00
# Visual Studio 2017
Project("{FAE04EC0-301F-11D3-BF4B-00C04F79EFBC}") = "Dino Hunt", "Dino Hunt.csproj", "{1CC0AB0E-D6DA-6168-D755-83DB936AE452}"
EndProject
Project("{FAE04EC0-301F-11D3-BF4B-00C04F79EFBC}") = "Dino Hunt.Editor", "Dino Hunt.Editor.csproj", "{994330EF-1323-5926-647C-4648B5554B63}"
EndProject
Global
	GlobalSection(SolutionConfigurationPlatforms) = preSolution
		Debug|Any CPU = Debug|Any CPU
		Release|Any CPU = Release|Any CPU
	EndGlobalSection
	GlobalSection(ProjectConfigurationPlatforms) = postSolution
		{1CC0AB0E-D6DA-6168-D755-83DB936AE452}.Debug|Any CPU.ActiveCfg = Debug|Any CPU
		{1CC0AB0E-D6DA-6168-D755-83DB936AE452}.Debug|Any CPU.Build.0 = Debug|Any CPU
		{1CC0AB0E-D6DA-6168-D755-83DB936AE452}.Release|Any CPU.ActiveCfg = Release|Any CPU
		{1CC0AB0E-D6DA-6168-D755-83DB936AE452}.Release|Any CPU.Build.0 = Release|Any CPU
		{994330EF-1323-5926-647C-4648B5554B63}.Debug|Any CPU.ActiveCfg = Debug|Any CPU
		{994330EF-1323-5926-647C-4648B5554B63}.Debug|Any CPU.Build.0 = Debug|Any CPU
		{994330EF-1323-5926-647C-4648B5554B63}.Release|Any CPU.ActiveCfg = Release|Any CPU
		{994330EF-1323-5926-647C-4648B5554B63}.Release|Any CPU.Build.0 = Release|Any CPU
	EndGlobalSection
	GlobalSection(SolutionProperties) = preSolution
		HideSolutionNode = FALSE
	EndGlobalSection
EndGlobal
